{
  "version": "5",
  "specifiers": {
    "jsr:@std/assert@^1.0.1": "1.0.19",
    "jsr:@std/collections@^1.3.0": "1.3.0",
    "jsr:@std/internal@^1.0.12": "1.0.14",
    "jsr:@tksh/group-colors-param-codec@~0.1.1": "0.1.1",
    "jsr:@tksh/url-compressor@^1.1.1": "1.1.1"
  },
  "jsr": {
    "@std/assert@1.0.19": {
      "integrity": "eaada96ee120cb980bc47e040f82814d786fe8162ecc53c91d8df60b8755991e",
      "dependencies": [
        "jsr:@std/internal"
      ]
    },
    "@std/collections@1.3.0": {
      "integrity": "eb36b43d784477ea0b476483ac034a14bdd182aff921c812ecf662a1fcef9498"
    },
    "@std/internal@1.0.14": {
      "integrity": "291516b3d4c35024d6ffbc0a9df5bf4c64116e05b50012cf846710152d2ffdf7"
    },
    "@tksh/group-colors-param-codec@0.1.1": {
      "integrity": "5b59bddb81bf91832ca8b56c506a4ab4507425baf52b33a665ffa0c23f4ccdf3"
    },
    "@tksh/url-compressor@1.1.1": {
      "integrity": "15370beca1ec44fcd2436bff759d177e97425a25f9b4bdad5dd2c1fad3a79e78"
    }
  },
  "workspace": {
    "dependencies": [
      "jsr:@std/assert@^1.0.1",
      "jsr:@std/collections@^1.3.0",
      "jsr:@tksh/group-colors-param-codec@~0.1.1",
      "jsr:@tksh/url-compressor@^1.1.1"
    ]
  }
}
